<?xml version="1.0" encoding="UTF-8" standalone="yes" ?>
<CodeBlocks_project_file>
	<FileVersion major="1" minor="6" />
	<Project>
		<Option title="Dnevnik" />
		<Option pch_mode="2" />
		<Option compiler="gcc" />
		<Build>
			<Target title="Debug">
				<Option output="bin/Debug/Dnevnik" prefix_auto="1" extension_auto="1" />
				<Option object_output="obj/Debug/" />
				<Option type="1" />
				<Option compiler="gcc" />
				<Compiler>
					<Add option="-g" />
				</Compiler>
			</Target>
			<Target title="Release">
				<Option output="bin/Release/Dnevnik" prefix_auto="1" extension_auto="1" />
				<Option object_output="obj/Release/" />
				<Option type="1" />
				<Option compiler="gcc" />
				<Compiler>
					<Add option="-O2" />
				</Compiler>
				<Linker>
					<Add option="-s" />
				</Linker>
			</Target>
		</Build>
		<Compiler>
			<Add option="-Wall" />
			<Add option="-fexceptions" />
		</Compiler>
		<Unit filename="Fajl.txt" />
		<Unit filename="Fajl2.txt" />
		<Unit filename="direktor.hpp" />
		<Unit filename="izostanci.hpp" />
		<Unit filename="main.cpp" />
		<Unit filename="ocena.hpp" />
		<Unit filename="osoba.hpp" />
		<Unit filename="predmet.hpp" />
		<Unit filename="profesor.hpp" />
		<Unit filename="proveraznanja.hpp" />
		<Unit filename="razred.hpp" />
		<Unit filename="razredni.hpp" />
		<Unit filename="smer.hpp" />
		<Unit filename="ucenik.hpp" />
		<Extensions>
			<code_completion />
			<envvars />
			<debugger />
			<lib_finder disable_auto="1" />
		</Extensions>
	</Project>
</CodeBlocks_project_file>
